
Microsoft Visual Studio Solution File, Format Version 12.00
Project("{FAE04EC0-301F-11D3-BF4B-00C04F79EFBC}") = "RepoLite", "RepoLite\RepoLite\RepoLite.csproj", "{413BD948-7296-4D25-AC22-6E4D05D767A8}"
EndProject
Project("{FAE04EC0-301F-11D3-BF4B-00C04F79EFBC}") = "RepoLite.Common", "RepoLite\RepoLite.Common\RepoLite.Common.csproj", "{E93ECFA3-12D7-44A4-A8EF-3480A3D84D09}"
EndProject
Project("{FAE04EC0-301F-11D3-BF4B-00C04F79EFBC}") = "RepoLite.DataAccess", "RepoLite\RepoLite.DataAccess\RepoLite.DataAccess.csproj", "{0DF8F5A8-344C-4111-A53D-E778AF4E42E1}"
EndProject
Project("{FAE04EC0-301F-11D3-BF4B-00C04F79EFBC}") = "RepoLite.GeneratorEngine", "RepoLite\RepoLite.GeneratorEngine\RepoLite.GeneratorEngine.csproj", "{B28B959A-D9D5-4B56-B981-F3F9058D454C}"
EndProject
Project("{FAE04EC0-301F-11D3-BF4B-00C04F79EFBC}") = "ConsoleApp1", "ConsoleApp1\ConsoleApp1.csproj", "{A7EF8C69-8E88-416A-93C3-1F134731CC2B}"
EndProject
Global
	GlobalSection(SolutionConfigurationPlatforms) = preSolution
		Debug|Any CPU = Debug|Any CPU
		Release|Any CPU = Release|Any CPU
	EndGlobalSection
	GlobalSection(ProjectConfigurationPlatforms) = postSolution
		{413BD948-7296-4D25-AC22-6E4D05D767A8}.Debug|Any CPU.ActiveCfg = Debug|Any CPU
		{413BD948-7296-4D25-AC22-6E4D05D767A8}.Debug|Any CPU.Build.0 = Debug|Any CPU
		{413BD948-7296-4D25-AC22-6E4D05D767A8}.Release|Any CPU.ActiveCfg = Release|Any CPU
		{413BD948-7296-4D25-AC22-6E4D05D767A8}.Release|Any CPU.Build.0 = Release|Any CPU
		{E93ECFA3-12D7-44A4-A8EF-3480A3D84D09}.Debug|Any CPU.ActiveCfg = Debug|Any CPU
		{E93ECFA3-12D7-44A4-A8EF-3480A3D84D09}.Debug|Any CPU.Build.0 = Debug|Any CPU
		{E93ECFA3-12D7-44A4-A8EF-3480A3D84D09}.Release|Any CPU.ActiveCfg = Release|Any CPU
		{E93ECFA3-12D7-44A4-A8EF-3480A3D84D09}.Release|Any CPU.Build.0 = Release|Any CPU
		{0DF8F5A8-344C-4111-A53D-E778AF4E42E1}.Debug|Any CPU.ActiveCfg = Debug|Any CPU
		{0DF8F5A8-344C-4111-A53D-E778AF4E42E1}.Debug|Any CPU.Build.0 = Debug|Any CPU
		{0DF8F5A8-344C-4111-A53D-E778AF4E42E1}.Release|Any CPU.ActiveCfg = Release|Any CPU
		{0DF8F5A8-344C-4111-A53D-E778AF4E42E1}.Release|Any CPU.Build.0 = Release|Any CPU
		{B28B959A-D9D5-4B56-B981-F3F9058D454C}.Debug|Any CPU.ActiveCfg = Debug|Any CPU
		{B28B959A-D9D5-4B56-B981-F3F9058D454C}.Debug|Any CPU.Build.0 = Debug|Any CPU
		{B28B959A-D9D5-4B56-B981-F3F9058D454C}.Release|Any CPU.ActiveCfg = Release|Any CPU
		{B28B959A-D9D5-4B56-B981-F3F9058D454C}.Release|Any CPU.Build.0 = Release|Any CPU
		{A7EF8C69-8E88-416A-93C3-1F134731CC2B}.Debug|Any CPU.ActiveCfg = Debug|Any CPU
		{A7EF8C69-8E88-416A-93C3-1F134731CC2B}.Debug|Any CPU.Build.0 = Debug|Any CPU
		{A7EF8C69-8E88-416A-93C3-1F134731CC2B}.Release|Any CPU.ActiveCfg = Release|Any CPU
		{A7EF8C69-8E88-416A-93C3-1F134731CC2B}.Release|Any CPU.Build.0 = Release|Any CPU
	EndGlobalSection
EndGlobal
