
Microsoft Visual Studio Solution File, Format Version 12.00
# Visual Studio Version 16
VisualStudioVersion = 16.0.30128.74
MinimumVisualStudioVersion = 10.0.40219.1
Project("{9A19103F-16F7-4668-BE54-9A1E7A4F7556}") = "RepoLite", "RepoLite\RepoLite\RepoLite.csproj", "{6B66394E-36C0-4BD8-BD1D-7001C681D36E}"
EndProject
Project("{9A19103F-16F7-4668-BE54-9A1E7A4F7556}") = "RepoLite.Common", "RepoLite\RepoLite.Common\RepoLite.Common.csproj", "{A2A60ECA-C03B-496B-9670-BDC18FA8F4D5}"
EndProject
Project("{9A19103F-16F7-4668-BE54-9A1E7A4F7556}") = "RepoLite.DataAccess", "RepoLite\RepoLite.DataAccess\RepoLite.DataAccess.csproj", "{4E1E6A0F-C815-4CEE-AB10-E5054E721B14}"
EndProject
Project("{9A19103F-16F7-4668-BE54-9A1E7A4F7556}") = "RepoLite.Generator.DotNet", "RepoLite\RepoLite.Generator.DotNet\RepoLite.Generator.DotNet.csproj", "{DF323A69-80A5-4BEC-BC43-CD6EB474FF7E}"
EndProject
Project("{2150E333-8FDC-42A3-9474-1A3956D46DE8}") = "Tests", "Tests", "{7A1B0F7A-BA81-4977-838A-FC9EEDB1C0FD}"
EndProject
Project("{9A19103F-16F7-4668-BE54-9A1E7A4F7556}") = "RepoLite.Tests", "RepoLite\RepoLite.Tests\RepoLite.Tests.csproj", "{B2259418-BA05-4840-9AFA-F92437EBF302}"
EndProject
Global
	GlobalSection(SolutionConfigurationPlatforms) = preSolution
		Debug|Any CPU = Debug|Any CPU
		Release|Any CPU = Release|Any CPU
	EndGlobalSection
	GlobalSection(ProjectConfigurationPlatforms) = postSolution
		{6B66394E-36C0-4BD8-BD1D-7001C681D36E}.Debug|Any CPU.ActiveCfg = Debug|Any CPU
		{6B66394E-36C0-4BD8-BD1D-7001C681D36E}.Debug|Any CPU.Build.0 = Debug|Any CPU
		{6B66394E-36C0-4BD8-BD1D-7001C681D36E}.Release|Any CPU.ActiveCfg = Release|Any CPU
		{6B66394E-36C0-4BD8-BD1D-7001C681D36E}.Release|Any CPU.Build.0 = Release|Any CPU
		{A2A60ECA-C03B-496B-9670-BDC18FA8F4D5}.Debug|Any CPU.ActiveCfg = Debug|Any CPU
		{A2A60ECA-C03B-496B-9670-BDC18FA8F4D5}.Debug|Any CPU.Build.0 = Debug|Any CPU
		{A2A60ECA-C03B-496B-9670-BDC18FA8F4D5}.Release|Any CPU.ActiveCfg = Release|Any CPU
		{A2A60ECA-C03B-496B-9670-BDC18FA8F4D5}.Release|Any CPU.Build.0 = Release|Any CPU
		{4E1E6A0F-C815-4CEE-AB10-E5054E721B14}.Debug|Any CPU.ActiveCfg = Debug|Any CPU
		{4E1E6A0F-C815-4CEE-AB10-E5054E721B14}.Debug|Any CPU.Build.0 = Debug|Any CPU
		{4E1E6A0F-C815-4CEE-AB10-E5054E721B14}.Release|Any CPU.ActiveCfg = Release|Any CPU
		{4E1E6A0F-C815-4CEE-AB10-E5054E721B14}.Release|Any CPU.Build.0 = Release|Any CPU
		{DF323A69-80A5-4BEC-BC43-CD6EB474FF7E}.Debug|Any CPU.ActiveCfg = Debug|Any CPU
		{DF323A69-80A5-4BEC-BC43-CD6EB474FF7E}.Debug|Any CPU.Build.0 = Debug|Any CPU
		{DF323A69-80A5-4BEC-BC43-CD6EB474FF7E}.Release|Any CPU.ActiveCfg = Release|Any CPU
		{DF323A69-80A5-4BEC-BC43-CD6EB474FF7E}.Release|Any CPU.Build.0 = Release|Any CPU
		{B2259418-BA05-4840-9AFA-F92437EBF302}.Debug|Any CPU.ActiveCfg = Debug|Any CPU
		{B2259418-BA05-4840-9AFA-F92437EBF302}.Debug|Any CPU.Build.0 = Debug|Any CPU
		{B2259418-BA05-4840-9AFA-F92437EBF302}.Release|Any CPU.ActiveCfg = Release|Any CPU
		{B2259418-BA05-4840-9AFA-F92437EBF302}.Release|Any CPU.Build.0 = Release|Any CPU
	EndGlobalSection
	GlobalSection(SolutionProperties) = preSolution
		HideSolutionNode = FALSE
	EndGlobalSection
	GlobalSection(NestedProjects) = preSolution
		{B2259418-BA05-4840-9AFA-F92437EBF302} = {7A1B0F7A-BA81-4977-838A-FC9EEDB1C0FD}
	EndGlobalSection
	GlobalSection(ExtensibilityGlobals) = postSolution
		SolutionGuid = {8D040588-85D9-4864-BC92-2667F371497F}
	EndGlobalSection
EndGlobal
